
Microsoft Visual Studio Solution File, Format Version 12.00
# Visual Studio Version 17
VisualStudioVersion = 17.3.32825.248
MinimumVisualStudioVersion = 10.0.40219.1
Project("{FAE04EC0-301F-11D3-BF4B-00C04F79EFBC}") = "SevenVorot", "SevenVorot.csproj", "{6CFAACE1-FFCA-4F60-8636-7A1EA617D062}"
EndProject
Global
	GlobalSection(SolutionConfigurationPlatforms) = preSolution
		Debug|Any CPU = Debug|Any CPU
		Release|Any CPU = Release|Any CPU
	EndGlobalSection
	GlobalSection(ProjectConfigurationPlatforms) = postSolution
		{6CFAACE1-FFCA-4F60-8636-7A1EA617D062}.Debug|Any CPU.ActiveCfg = Debug|Any CPU
		{6CFAACE1-FFCA-4F60-8636-7A1EA617D062}.Debug|Any CPU.Build.0 = Debug|Any CPU
		{6CFAACE1-FFCA-4F60-8636-7A1EA617D062}.Release|Any CPU.ActiveCfg = Release|Any CPU
		{6CFAACE1-FFCA-4F60-8636-7A1EA617D062}.Release|Any CPU.Build.0 = Release|Any CPU
	EndGlobalSection
	GlobalSection(SolutionProperties) = preSolution
		HideSolutionNode = FALSE
	EndGlobalSection
	GlobalSection(ExtensibilityGlobals) = postSolution
		SolutionGuid = {846782A8-4A4E-47A4-82D2-23F3289B3C12}
	EndGlobalSection
EndGlobal
